Microsoft Visual Studio Solution File, Format Version 12.00
# Visual Studio Version 17
VisualStudioVersion = 17.5.2.0
MinimumVisualStudioVersion = 10.0.40219.1
Project("{FAE04EC0-301F-11D3-BF4B-00C04F79EFBC}") = "buoi8oop", "buoi8oop\buoi8oop.csproj", "{FD75AACB-9CDA-563E-9106-3688764E0747}"
EndProject
Global
	GlobalSection(SolutionConfigurationPlatforms) = preSolution
		Debug|Any CPU = Debug|Any CPU
		Release|Any CPU = Release|Any CPU
	EndGlobalSection
	GlobalSection(ProjectConfigurationPlatforms) = postSolution
		{FD75AACB-9CDA-563E-9106-3688764E0747}.Debug|Any CPU.ActiveCfg = Debug|Any CPU
		{FD75AACB-9CDA-563E-9106-3688764E0747}.Debug|Any CPU.Build.0 = Debug|Any CPU
		{FD75AACB-9CDA-563E-9106-3688764E0747}.Release|Any CPU.ActiveCfg = Release|Any CPU
		{FD75AACB-9CDA-563E-9106-3688764E0747}.Release|Any CPU.Build.0 = Release|Any CPU
	EndGlobalSection
	GlobalSection(SolutionProperties) = preSolution
		HideSolutionNode = FALSE
	EndGlobalSection
	GlobalSection(ExtensibilityGlobals) = postSolution
		SolutionGuid = {450E3CC1-A3AD-42EE-8801-B2DEE5AF37B7}
	EndGlobalSection
EndGlobal
