Microsoft Visual Studio Solution File, Format Version 12.00
# Visual Studio Version 17
VisualStudioVersion = 17.5.2.0
MinimumVisualStudioVersion = 10.0.40219.1
Project("{FAE04EC0-301F-11D3-BF4B-00C04F79EFBC}") = "buoi2", "buoi2\buoi2.csproj", "{CCDE2803-B775-2A55-F36A-D450CA4CDE23}"
EndProject
Global
	GlobalSection(SolutionConfigurationPlatforms) = preSolution
		Debug|Any CPU = Debug|Any CPU
		Release|Any CPU = Release|Any CPU
	EndGlobalSection
	GlobalSection(ProjectConfigurationPlatforms) = postSolution
		{CCDE2803-B775-2A55-F36A-D450CA4CDE23}.Debug|Any CPU.ActiveCfg = Debug|Any CPU
		{CCDE2803-B775-2A55-F36A-D450CA4CDE23}.Debug|Any CPU.Build.0 = Debug|Any CPU
		{CCDE2803-B775-2A55-F36A-D450CA4CDE23}.Release|Any CPU.ActiveCfg = Release|Any CPU
		{CCDE2803-B775-2A55-F36A-D450CA4CDE23}.Release|Any CPU.Build.0 = Release|Any CPU
	EndGlobalSection
	GlobalSection(SolutionProperties) = preSolution
		HideSolutionNode = FALSE
	EndGlobalSection
	GlobalSection(ExtensibilityGlobals) = postSolution
		SolutionGuid = {BF19E986-55BC-4DBE-805C-27691E2CDB9D}
	EndGlobalSection
EndGlobal
