Microsoft Visual Studio Solution File, Format Version 12.00
# Visual Studio Version 17
VisualStudioVersion = 17.5.2.0
MinimumVisualStudioVersion = 10.0.40219.1
Project("{FAE04EC0-301F-11D3-BF4B-00C04F79EFBC}") = "buoi7", "buoi7\buoi7.csproj", "{9189CBAB-EBB9-E8DB-D2A4-4332DB903B70}"
EndProject
Global
	GlobalSection(SolutionConfigurationPlatforms) = preSolution
		Debug|Any CPU = Debug|Any CPU
		Release|Any CPU = Release|Any CPU
	EndGlobalSection
	GlobalSection(ProjectConfigurationPlatforms) = postSolution
		{9189CBAB-EBB9-E8DB-D2A4-4332DB903B70}.Debug|Any CPU.ActiveCfg = Debug|Any CPU
		{9189CBAB-EBB9-E8DB-D2A4-4332DB903B70}.Debug|Any CPU.Build.0 = Debug|Any CPU
		{9189CBAB-EBB9-E8DB-D2A4-4332DB903B70}.Release|Any CPU.ActiveCfg = Release|Any CPU
		{9189CBAB-EBB9-E8DB-D2A4-4332DB903B70}.Release|Any CPU.Build.0 = Release|Any CPU
	EndGlobalSection
	GlobalSection(SolutionProperties) = preSolution
		HideSolutionNode = FALSE
	EndGlobalSection
	GlobalSection(ExtensibilityGlobals) = postSolution
		SolutionGuid = {4DD042FC-C7CE-4004-8C11-0A549B81BB3F}
	EndGlobalSection
EndGlobal
